# Generated by pub
# See https://dart.dev/tools/pub/glossary#lockfile
packages:
  formz:
    dependency: "direct main"
    description:
      name: formz
      sha256: ed92f501f4a44b1da9137a025007df773b3732147b413c464158ecd997612ab6
      url: "https://pub.dev"
    source: hosted
    version: "0.4.1"
sdks:
  dart: ">=2.19.0-444.6.beta <4.0.0"
